// !$*UTF8*$!
{
	archiveVersion = 1;
	classes = {
	};
	objectVersion = 52;
	objects = {

/* Begin PBXBuildFile section */
		797F6C8524FD432100CA59B7 /* CodeMirroriOSApp.swift in Sources */ = {isa = PBXBuildFile; fileRef = 797F6C8424FD432100CA59B7 /* CodeMirroriOSApp.swift */; };
		797F6C8724FD432100CA59B7 /* ContentView.swift in Sources */ = {isa = PBXBuildFile; fileRef = 797F6C8624FD432100CA59B7 /* ContentView.swift */; };
		797F6C8924FD432400CA59B7 /* Assets.xcassets in Resources */ = {isa = PBXBuildFile; fileRef = 797F6C8824FD432400CA59B7 /* Assets.xcassets */; };
		797F6C8C24FD432400CA59B7 /* Preview Assets.xcassets in Resources */ = {isa = PBXBuildFile; fileRef = 797F6C8B24FD432400CA59B7 /* Preview Assets.xcassets */; };
		797F6C9524FD43AB00CA59B7 /* Demo.txt in Resources */ = {isa = PBXBuildFile; fileRef = 797F6C9424FD43AB00CA59B7 /* Demo.txt */; };
		797F6C9C24FD44BA00CA59B7 /* CodeMirror-SwiftUI in Frameworks */ = {isa = PBXBuildFile; productRef = 797F6C9B24FD44BA00CA59B7 /* CodeMirror-SwiftUI */; };
		797F6C9D24FD44BA00CA59B7 /* CodeMirror-SwiftUI in Embed Frameworks */ = {isa = PBXBuildFile; productRef = 797F6C9B24FD44BA00CA59B7 /* CodeMirror-SwiftUI */; settings = {ATTRIBUTES = (CodeSignOnCopy, ); }; };
/* End PBXBuildFile section */

/* Begin PBXCopyFilesBuildPhase section */
		797F6C9A24FD43C000CA59B7 /* Embed Frameworks */ = {
			isa = PBXCopyFilesBuildPhase;
			buildActionMask = 2147483647;
			dstPath = "";
			dstSubfolderSpec = 10;
			files = (
				797F6C9D24FD44BA00CA59B7 /* CodeMirror-SwiftUI in Embed Frameworks */,
			);
			name = "Embed Frameworks";
			runOnlyForDeploymentPostprocessing = 0;
		};
/* End PBXCopyFilesBuildPhase section */

/* Begin PBXFileReference section */
		797F6C8124FD432100CA59B7 /* CodeMirroriOS.app */ = {isa = PBXFileReference; explicitFileType = wrapper.application; includeInIndex = 0; path = CodeMirroriOS.app; sourceTree = BUILT_PRODUCTS_DIR; };
		797F6C8424FD432100CA59B7 /* CodeMirroriOSApp.swift */ = {isa = PBXFileReference; lastKnownFileType = sourcecode.swift; path = CodeMirroriOSApp.swift; sourceTree = "<group>"; };
		797F6C8624FD432100CA59B7 /* ContentView.swift */ = {isa = PBXFileReference; lastKnownFileType = sourcecode.swift; path = ContentView.swift; sourceTree = "<group>"; };
		797F6C8824FD432400CA59B7 /* Assets.xcassets */ = {isa = PBXFileReference; lastKnownFileType = folder.assetcatalog; path = Assets.xcassets; sourceTree = "<group>"; };
		797F6C8B24FD432400CA59B7 /* Preview Assets.xcassets */ = {isa = PBXFileReference; lastKnownFileType = folder.assetcatalog; path = "Preview Assets.xcassets"; sourceTree = "<group>"; };
		797F6C8D24FD432400CA59B7 /* Info.plist */ = {isa = PBXFileReference; lastKnownFileType = text.plist.xml; path = Info.plist; sourceTree = "<group>"; };
		797F6C9424FD43AB00CA59B7 /* Demo.txt */ = {isa = PBXFileReference; lastKnownFileType = text; path = Demo.txt; sourceTree = "<group>"; };
		797F6C9E24FD559600CA59B7 /* Source */ = {isa = PBXFileReference; lastKnownFileType = folder; name = Source; path = ../Source; sourceTree = "<group>"; };
		797F6C9F24FD55B200CA59B7 /* Source */ = {isa = PBXFileReference; lastKnownFileType = folder; name = Source; path = ../Source; sourceTree = "<group>"; };
		797F6CA024FD55BD00CA59B7 /* Source */ = {isa = PBXFileReference; lastKnownFileType = folder; name = Source; path = ../Source; sourceTree = "<group>"; };
		797F6CA124FD55C800CA59B7 /* Source */ = {isa = PBXFileReference; lastKnownFileType = folder; name = Source; path = ../Source; sourceTree = "<group>"; };
/* End PBXFileReference section */

/* Begin PBXFrameworksBuildPhase section */
		797F6C7E24FD432100CA59B7 /* Frameworks */ = {
			isa = PBXFrameworksBuildPhase;
			buildActionMask = 2147483647;
			files = (
				797F6C9C24FD44BA00CA59B7 /* CodeMirror-SwiftUI in Frameworks */,
			);
			runOnlyForDeploymentPostprocessing = 0;
		};
/* End PBXFrameworksBuildPhase section */

/* Begin PBXGroup section */
		797F6C7824FD432100CA59B7 = {
			isa = PBXGroup;
			children = (
				797F6CA024FD55BD00CA59B7 /* Source */,
				797F6CA124FD55C800CA59B7 /* Source */,
				797F6C8324FD432100CA59B7 /* CodeMirroriOS */,
				797F6C8224FD432100CA59B7 /* Products */,
				797F6C9624FD43C000CA59B7 /* Frameworks */,
			);
			sourceTree = "<group>";
		};
		797F6C8224FD432100CA59B7 /* Products */ = {
			isa = PBXGroup;
			children = (
				797F6C8124FD432100CA59B7 /* CodeMirroriOS.app */,
			);
			name = Products;
			sourceTree = "<group>";
		};
		797F6C8324FD432100CA59B7 /* CodeMirroriOS */ = {
			isa = PBXGroup;
			children = (
				797F6C8424FD432100CA59B7 /* CodeMirroriOSApp.swift */,
				797F6C8624FD432100CA59B7 /* ContentView.swift */,
				797F6C9324FD439400CA59B7 /* Resources */,
				797F6C8824FD432400CA59B7 /* Assets.xcassets */,
				797F6C8D24FD432400CA59B7 /* Info.plist */,
				797F6C8A24FD432400CA59B7 /* Preview Content */,
			);
			path = CodeMirroriOS;
			sourceTree = "<group>";
		};
		797F6C8A24FD432400CA59B7 /* Preview Content */ = {
			isa = PBXGroup;
			children = (
				797F6C8B24FD432400CA59B7 /* Preview Assets.xcassets */,
			);
			path = "Preview Content";
			sourceTree = "<group>";
		};
		797F6C9324FD439400CA59B7 /* Resources */ = {
			isa = PBXGroup;
			children = (
				797F6C9424FD43AB00CA59B7 /* Demo.txt */,
			);
			path = Resources;
			sourceTree = "<group>";
		};
		797F6C9624FD43C000CA59B7 /* Frameworks */ = {
			isa = PBXGroup;
			children = (
				797F6C9F24FD55B200CA59B7 /* Source */,
				797F6C9E24FD559600CA59B7 /* Source */,
			);
			name = Frameworks;
			sourceTree = "<group>";
		};
/* End PBXGroup section */

/* Begin PBXNativeTarget section */
		797F6C8024FD432100CA59B7 /* CodeMirroriOS */ = {
			isa = PBXNativeTarget;
			buildConfigurationList = 797F6C9024FD432400CA59B7 /* Build configuration list for PBXNativeTarget "CodeMirroriOS" */;
			buildPhases = (
				797F6C7D24FD432100CA59B7 /* Sources */,
				797F6C7E24FD432100CA59B7 /* Frameworks */,
				797F6C7F24FD432100CA59B7 /* Resources */,
				797F6C9A24FD43C000CA59B7 /* Embed Frameworks */,
			);
			buildRules = (
			);
			dependencies = (
			);
			name = CodeMirroriOS;
			packageProductDependencies = (
				797F6C9B24FD44BA00CA59B7 /* CodeMirror-SwiftUI */,
			);
			productName = CodeMirroriOS;
			productReference = 797F6C8124FD432100CA59B7 /* CodeMirroriOS.app */;
			productType = "com.apple.product-type.application";
		};
/* End PBXNativeTarget section */

/* Begin PBXProject section */
		797F6C7924FD432100CA59B7 /* Project object */ = {
			isa = PBXProject;
			attributes = {
				LastSwiftUpdateCheck = 1200;
				LastUpgradeCheck = 1200;
				TargetAttributes = {
					797F6C8024FD432100CA59B7 = {
						CreatedOnToolsVersion = 12.0;
					};
				};
			};
			buildConfigurationList = 797F6C7C24FD432100CA59B7 /* Build configuration list for PBXProject "CodeMirroriOS" */;
			compatibilityVersion = "Xcode 9.3";
			developmentRegion = en;
			hasScannedForEncodings = 0;
			knownRegions = (
				en,
				Base,
			);
			mainGroup = 797F6C7824FD432100CA59B7;
			productRefGroup = 797F6C8224FD432100CA59B7 /* Products */;
			projectDirPath = "";
			projectRoot = "";
			targets = (
				797F6C8024FD432100CA59B7 /* CodeMirroriOS */,
			);
		};
/* End PBXProject section */

/* Begin PBXResourcesBuildPhase section */
		797F6C7F24FD432100CA59B7 /* Resources */ = {
			isa = PBXResourcesBuildPhase;
			buildActionMask = 2147483647;
			files = (
				797F6C8C24FD432400CA59B7 /* Preview Assets.xcassets in Resources */,
				797F6C8924FD432400CA59B7 /* Assets.xcassets in Resources */,
				797F6C9524FD43AB00CA59B7 /* Demo.txt in Resources */,
			);
			runOnlyForDeploymentPostprocessing = 0;
		};
/* End PBXResourcesBuildPhase section */

/* Begin PBXSourcesBuildPhase section */
		797F6C7D24FD432100CA59B7 /* Sources */ = {
			isa = PBXSourcesBuildPhase;
			buildActionMask = 2147483647;
			files = (
				797F6C8724FD432100CA59B7 /* ContentView.swift in Sources */,
				797F6C8524FD432100CA59B7 /* CodeMirroriOSApp.swift in Sources */,
			);
			runOnlyForDeploymentPostprocessing = 0;
		};
/* End PBXSourcesBuildPhase section */

/* Begin XCBuildConfiguration section */
		797F6C8E24FD432400CA59B7 /* Debug */ = {
			isa = XCBuildConfiguration;
			buildSettings = {
				ALWAYS_SEARCH_USER_PATHS = NO;
				CLANG_ANALYZER_NONNULL = YES;
				CLANG_ANALYZER_NUMBER_OBJECT_CONVERSION = YES_AGGRESSIVE;
				CLANG_CXX_LANGUAGE_STANDARD = "gnu++14";
				CLANG_CXX_LIBRARY = "libc++";
				CLANG_ENABLE_MODULES = YES;
				CLANG_ENABLE_OBJC_ARC = YES;
				CLANG_ENABLE_OBJC_WEAK = YES;
				CLANG_WARN_BLOCK_CAPTURE_AUTORELEASING = YES;
				CLANG_WARN_BOOL_CONVERSION = YES;
				CLANG_WARN_COMMA = YES;
				CLANG_WARN_CONSTANT_CONVERSION = YES;
				CLANG_WARN_DEPRECATED_OBJC_IMPLEMENTATIONS = YES;
				CLANG_WARN_DIRECT_OBJC_ISA_USAGE = YES_ERROR;
				CLANG_WARN_DOCUMENTATION_COMMENTS = YES;
				CLANG_WARN_EMPTY_BODY = YES;
				CLANG_WARN_ENUM_CONVERSION = YES;
				CLANG_WARN_INFINITE_RECURSION = YES;
				CLANG_WARN_INT_CONVERSION = YES;
				CLANG_WARN_NON_LITERAL_NULL_CONVERSION = YES;
				CLANG_WARN_OBJC_IMPLICIT_RETAIN_SELF = YES;
				CLANG_WARN_OBJC_LITERAL_CONVERSION = YES;
				CLANG_WARN_OBJC_ROOT_CLASS = YES_ERROR;
				CLANG_WARN_QUOTED_INCLUDE_IN_FRAMEWORK_HEADER = YES;
				CLANG_WARN_RANGE_LOOP_ANALYSIS = YES;
				CLANG_WARN_STRICT_PROTOTYPES = YES;
				CLANG_WARN_SUSPICIOUS_MOVE = YES;
				CLANG_WARN_UNGUARDED_AVAILABILITY = YES_AGGRESSIVE;
				CLANG_WARN_UNREACHABLE_CODE = YES;
				CLANG_WARN__DUPLICATE_METHOD_MATCH = YES;
				COPY_PHASE_STRIP = NO;
				DEBUG_INFORMATION_FORMAT = dwarf;
				ENABLE_STRICT_OBJC_MSGSEND = YES;
				ENABLE_TESTABILITY = YES;
				GCC_C_LANGUAGE_STANDARD = gnu11;
				GCC_DYNAMIC_NO_PIC = NO;
				GCC_NO_COMMON_BLOCKS = YES;
				GCC_OPTIMIZATION_LEVEL = 0;
				GCC_PREPROCESSOR_DEFINITIONS = (
					"DEBUG=1",
					"$(inherited)",
				);
				GCC_WARN_64_TO_32_BIT_CONVERSION = YES;
				GCC_WARN_ABOUT_RETURN_TYPE = YES_ERROR;
				GCC_WARN_UNDECLARED_SELECTOR = YES;
				GCC_WARN_UNINITIALIZED_AUTOS = YES_AGGRESSIVE;
				GCC_WARN_UNUSED_FUNCTION = YES;
				GCC_WARN_UNUSED_VARIABLE = YES;
				IPHONEOS_DEPLOYMENT_TARGET = 14.0;
				MTL_ENABLE_DEBUG_INFO = INCLUDE_SOURCE;
				MTL_FAST_MATH = YES;
				ONLY_ACTIVE_ARCH = YES;
				SDKROOT = iphoneos;
				SWIFT_ACTIVE_COMPILATION_CONDITIONS = DEBUG;
				SWIFT_OPTIMIZATION_LEVEL = "-Onone";
			};
			name = Debug;
		};
		797F6C8F24FD432400CA59B7 /* Release */ = {
			isa = XCBuildConfiguration;
			buildSettings = {
				ALWAYS_SEARCH_USER_PATHS = NO;
				CLANG_ANALYZER_NONNULL = YES;
				CLANG_ANALYZER_NUMBER_OBJECT_CONVERSION = YES_AGGRESSIVE;
				CLANG_CXX_LANGUAGE_STANDARD = "gnu++14";
				CLANG_CXX_LIBRARY = "libc++";
				CLANG_ENABLE_MODULES = YES;
				CLANG_ENABLE_OBJC_ARC = YES;
				CLANG_ENABLE_OBJC_WEAK = YES;
				CLANG_WARN_BLOCK_CAPTURE_AUTORELEASING = YES;
				CLANG_WARN_BOOL_CONVERSION = YES;
				CLANG_WARN_COMMA = YES;
				CLANG_WARN_CONSTANT_CONVERSION = YES;
				CLANG_WARN_DEPRECATED_OBJC_IMPLEMENTATIONS = YES;
				CLANG_WARN_DIRECT_OBJC_ISA_USAGE = YES_ERROR;
				CLANG_WARN_DOCUMENTATION_COMMENTS = YES;
				CLANG_WARN_EMPTY_BODY = YES;
				CLANG_WARN_ENUM_CONVERSION = YES;
				CLANG_WARN_INFINITE_RECURSION = YES;
				CLANG_WARN_INT_CONVERSION = YES;
				CLANG_WARN_NON_LITERAL_NULL_CONVERSION = YES;
				CLANG_WARN_OBJC_IMPLICIT_RETAIN_SELF = YES;
				CLANG_WARN_OBJC_LITERAL_CONVERSION = YES;
				CLANG_WARN_OBJC_ROOT_CLASS = YES_ERROR;
				CLANG_WARN_QUOTED_INCLUDE_IN_FRAMEWORK_HEADER = YES;
				CLANG_WARN_RANGE_LOOP_ANALYSIS = YES;
				CLANG_WARN_STRICT_PROTOTYPES = YES;
				CLANG_WARN_SUSPICIOUS_MOVE = YES;
				CLANG_WARN_UNGUARDED_AVAILABILITY = YES_AGGRESSIVE;
				CLANG_WARN_UNREACHABLE_CODE = YES;
				CLANG_WARN__DUPLICATE_METHOD_MATCH = YES;
				COPY_PHASE_STRIP = NO;
				DEBUG_INFORMATION_FORMAT = "dwarf-with-dsym";
				ENABLE_NS_ASSERTIONS = NO;
				ENABLE_STRICT_OBJC_MSGSEND = YES;
				GCC_C_LANGUAGE_STANDARD = gnu11;
				GCC_NO_COMMON_BLOCKS = YES;
				GCC_WARN_64_TO_32_BIT_CONVERSION = YES;
				GCC_WARN_ABOUT_RETURN_TYPE = YES_ERROR;
				GCC_WARN_UNDECLARED_SELECTOR = YES;
				GCC_WARN_UNINITIALIZED_AUTOS = YES_AGGRESSIVE;
				GCC_WARN_UNUSED_FUNCTION = YES;
				GCC_WARN_UNUSED_VARIABLE = YES;
				IPHONEOS_DEPLOYMENT_TARGET = 14.0;
				MTL_ENABLE_DEBUG_INFO = NO;
				MTL_FAST_MATH = YES;
				SDKROOT = iphoneos;
				SWIFT_COMPILATION_MODE = wholemodule;
				SWIFT_OPTIMIZATION_LEVEL = "-O";
				VALIDATE_PRODUCT = YES;
			};
			name = Release;
		};
		797F6C9124FD432400CA59B7 /* Debug */ = {
			isa = XCBuildConfiguration;
			buildSettings = {
				ASSETCATALOG_COMPILER_APPICON_NAME = AppIcon;
				ASSETCATALOG_COMPILER_GLOBAL_ACCENT_COLOR_NAME = AccentColor;
				CODE_SIGN_STYLE = Automatic;
				DEVELOPMENT_ASSET_PATHS = "\"CodeMirroriOS/Preview Content\"";
				DEVELOPMENT_TEAM = 7XBGRFP286;
				ENABLE_PREVIEWS = YES;
				INFOPLIST_FILE = CodeMirroriOS/Info.plist;
				IPHONEOS_DEPLOYMENT_TARGET = 14.0;
				LD_RUNPATH_SEARCH_PATHS = (
					"$(inherited)",
					"@executable_path/Frameworks",
				);
				PRODUCT_BUNDLE_IDENTIFIER = com.marshallino16.CodeMirroriOS;
				PRODUCT_NAME = "$(TARGET_NAME)";
				SWIFT_VERSION = 5.0;
				TARGETED_DEVICE_FAMILY = "1,2";
			};
			name = Debug;
		};
		797F6C9224FD432400CA59B7 /* Release */ = {
			isa = XCBuildConfiguration;
			buildSettings = {
				ASSETCATALOG_COMPILER_APPICON_NAME = AppIcon;
				ASSETCATALOG_COMPILER_GLOBAL_ACCENT_COLOR_NAME = AccentColor;
				CODE_SIGN_STYLE = Automatic;
				DEVELOPMENT_ASSET_PATHS = "\"CodeMirroriOS/Preview Content\"";
				DEVELOPMENT_TEAM = 7XBGRFP286;
				ENABLE_PREVIEWS = YES;
				INFOPLIST_FILE = CodeMirroriOS/Info.plist;
				IPHONEOS_DEPLOYMENT_TARGET = 14.0;
				LD_RUNPATH_SEARCH_PATHS = (
					"$(inherited)",
					"@executable_path/Frameworks",
				);
				PRODUCT_BUNDLE_IDENTIFIER = com.marshallino16.CodeMirroriOS;
				PRODUCT_NAME = "$(TARGET_NAME)";
				SWIFT_VERSION = 5.0;
				TARGETED_DEVICE_FAMILY = "1,2";
			};
			name = Release;
		};
/* End XCBuildConfiguration section */

/* Begin XCConfigurationList section */
		797F6C7C24FD432100CA59B7 /* Build configuration list for PBXProject "CodeMirroriOS" */ = {
			isa = XCConfigurationList;
			buildConfigurations = (
				797F6C8E24FD432400CA59B7 /* Debug */,
				797F6C8F24FD432400CA59B7 /* Release */,
			);
			defaultConfigurationIsVisible = 0;
			defaultConfigurationName = Release;
		};
		797F6C9024FD432400CA59B7 /* Build configuration list for PBXNativeTarget "CodeMirroriOS" */ = {
			isa = XCConfigurationList;
			buildConfigurations = (
				797F6C9124FD432400CA59B7 /* Debug */,
				797F6C9224FD432400CA59B7 /* Release */,
			);
			defaultConfigurationIsVisible = 0;
			defaultConfigurationName = Release;
		};
/* End XCConfigurationList section */

/* Begin XCSwiftPackageProductDependency section */
		797F6C9B24FD44BA00CA59B7 /* CodeMirror-SwiftUI */ = {
			isa = XCSwiftPackageProductDependency;
			productName = "CodeMirror-SwiftUI";
		};
/* End XCSwiftPackageProductDependency section */
	};
	rootObject = 797F6C7924FD432100CA59B7 /* Project object */;
}
