// !$*UTF8*$!
{
	archiveVersion = 1;
	classes = {
	};
	objectVersion = 52;
	objects = {

/* Begin PBXBuildFile section */
		792A3EA524FE86F300A2CC7D /* CodeMirror-SwiftUI in Frameworks */ = {isa = PBXBuildFile; productRef = 792A3EA424FE86F300A2CC7D /* CodeMirror-SwiftUI */; };
		792A3EA624FE86F300A2CC7D /* CodeMirror-SwiftUI in Embed Frameworks */ = {isa = PBXBuildFile; productRef = 792A3EA424FE86F300A2CC7D /* CodeMirror-SwiftUI */; settings = {ATTRIBUTES = (CodeSignOnCopy, ); }; };
		797B92D424F9304300071669 /* AppDelegate.swift in Sources */ = {isa = PBXBuildFile; fileRef = 797B92D324F9304300071669 /* AppDelegate.swift */; };
		797B92D624F9304300071669 /* ContentView.swift in Sources */ = {isa = PBXBuildFile; fileRef = 797B92D524F9304300071669 /* ContentView.swift */; };
		797B92D824F9304700071669 /* Assets.xcassets in Resources */ = {isa = PBXBuildFile; fileRef = 797B92D724F9304700071669 /* Assets.xcassets */; };
		797B92DB24F9304700071669 /* Preview Assets.xcassets in Resources */ = {isa = PBXBuildFile; fileRef = 797B92DA24F9304700071669 /* Preview Assets.xcassets */; };
		797B92DE24F9304700071669 /* Main.storyboard in Resources */ = {isa = PBXBuildFile; fileRef = 797B92DC24F9304700071669 /* Main.storyboard */; };
		79940A2024FD3CCA00DA2760 /* Demo.txt in Resources */ = {isa = PBXBuildFile; fileRef = 79940A1F24FD3CCA00DA2760 /* Demo.txt */; };
/* End PBXBuildFile section */

/* Begin PBXCopyFilesBuildPhase section */
		797B92EA24F9322300071669 /* Embed Frameworks */ = {
			isa = PBXCopyFilesBuildPhase;
			buildActionMask = 2147483647;
			dstPath = "";
			dstSubfolderSpec = 10;
			files = (
				792A3EA624FE86F300A2CC7D /* CodeMirror-SwiftUI in Embed Frameworks */,
			);
			name = "Embed Frameworks";
			runOnlyForDeploymentPostprocessing = 0;
		};
/* End PBXCopyFilesBuildPhase section */

/* Begin PBXFileReference section */
		797B92D024F9304300071669 /* CodeMirrorMacOS.app */ = {isa = PBXFileReference; explicitFileType = wrapper.application; includeInIndex = 0; path = CodeMirrorMacOS.app; sourceTree = BUILT_PRODUCTS_DIR; };
		797B92D324F9304300071669 /* AppDelegate.swift */ = {isa = PBXFileReference; lastKnownFileType = sourcecode.swift; path = AppDelegate.swift; sourceTree = "<group>"; };
		797B92D524F9304300071669 /* ContentView.swift */ = {isa = PBXFileReference; lastKnownFileType = sourcecode.swift; path = ContentView.swift; sourceTree = "<group>"; };
		797B92D724F9304700071669 /* Assets.xcassets */ = {isa = PBXFileReference; lastKnownFileType = folder.assetcatalog; path = Assets.xcassets; sourceTree = "<group>"; };
		797B92DA24F9304700071669 /* Preview Assets.xcassets */ = {isa = PBXFileReference; lastKnownFileType = folder.assetcatalog; path = "Preview Assets.xcassets"; sourceTree = "<group>"; };
		797B92DD24F9304700071669 /* Base */ = {isa = PBXFileReference; lastKnownFileType = file.storyboard; name = Base; path = Base.lproj/Main.storyboard; sourceTree = "<group>"; };
		797B92DF24F9304700071669 /* Info.plist */ = {isa = PBXFileReference; lastKnownFileType = text.plist.xml; path = Info.plist; sourceTree = "<group>"; };
		797B92E024F9304700071669 /* CodeMirrorMacOS.entitlements */ = {isa = PBXFileReference; lastKnownFileType = text.plist.entitlements; path = CodeMirrorMacOS.entitlements; sourceTree = "<group>"; };
		79940A1F24FD3CCA00DA2760 /* Demo.txt */ = {isa = PBXFileReference; lastKnownFileType = text; path = Demo.txt; sourceTree = "<group>"; };
/* End PBXFileReference section */

/* Begin PBXFrameworksBuildPhase section */
		797B92CD24F9304300071669 /* Frameworks */ = {
			isa = PBXFrameworksBuildPhase;
			buildActionMask = 2147483647;
			files = (
				792A3EA524FE86F300A2CC7D /* CodeMirror-SwiftUI in Frameworks */,
			);
			runOnlyForDeploymentPostprocessing = 0;
		};
/* End PBXFrameworksBuildPhase section */

/* Begin PBXGroup section */
		797B92C724F9304300071669 = {
			isa = PBXGroup;
			children = (
				797B92D224F9304300071669 /* CodeMirrorMacOS */,
				797B92D124F9304300071669 /* Products */,
				797B92E624F9322300071669 /* Frameworks */,
			);
			sourceTree = "<group>";
		};
		797B92D124F9304300071669 /* Products */ = {
			isa = PBXGroup;
			children = (
				797B92D024F9304300071669 /* CodeMirrorMacOS.app */,
			);
			name = Products;
			sourceTree = "<group>";
		};
		797B92D224F9304300071669 /* CodeMirrorMacOS */ = {
			isa = PBXGroup;
			children = (
				797B92D324F9304300071669 /* AppDelegate.swift */,
				797B92D524F9304300071669 /* ContentView.swift */,
				79940A1E24FD3CAD00DA2760 /* Resources */,
				797B92D724F9304700071669 /* Assets.xcassets */,
				797B92DC24F9304700071669 /* Main.storyboard */,
				797B92DF24F9304700071669 /* Info.plist */,
				797B92E024F9304700071669 /* CodeMirrorMacOS.entitlements */,
				797B92D924F9304700071669 /* Preview Content */,
			);
			path = CodeMirrorMacOS;
			sourceTree = "<group>";
		};
		797B92D924F9304700071669 /* Preview Content */ = {
			isa = PBXGroup;
			children = (
				797B92DA24F9304700071669 /* Preview Assets.xcassets */,
			);
			path = "Preview Content";
			sourceTree = "<group>";
		};
		797B92E624F9322300071669 /* Frameworks */ = {
			isa = PBXGroup;
			children = (
			);
			name = Frameworks;
			sourceTree = "<group>";
		};
		79940A1E24FD3CAD00DA2760 /* Resources */ = {
			isa = PBXGroup;
			children = (
				79940A1F24FD3CCA00DA2760 /* Demo.txt */,
			);
			path = Resources;
			sourceTree = "<group>";
		};
/* End PBXGroup section */

/* Begin PBXNativeTarget section */
		797B92CF24F9304300071669 /* CodeMirrorMacOS */ = {
			isa = PBXNativeTarget;
			buildConfigurationList = 797B92E324F9304700071669 /* Build configuration list for PBXNativeTarget "CodeMirrorMacOS" */;
			buildPhases = (
				797B92CC24F9304300071669 /* Sources */,
				797B92CD24F9304300071669 /* Frameworks */,
				797B92CE24F9304300071669 /* Resources */,
				797B92EA24F9322300071669 /* Embed Frameworks */,
			);
			buildRules = (
			);
			dependencies = (
			);
			name = CodeMirrorMacOS;
			packageProductDependencies = (
				792A3EA424FE86F300A2CC7D /* CodeMirror-SwiftUI */,
			);
			productName = CodeMirrorMacOS;
			productReference = 797B92D024F9304300071669 /* CodeMirrorMacOS.app */;
			productType = "com.apple.product-type.application";
		};
/* End PBXNativeTarget section */

/* Begin PBXProject section */
		797B92C824F9304300071669 /* Project object */ = {
			isa = PBXProject;
			attributes = {
				LastSwiftUpdateCheck = 1160;
				LastUpgradeCheck = 1160;
				ORGANIZATIONNAME = marshallino16;
				TargetAttributes = {
					797B92CF24F9304300071669 = {
						CreatedOnToolsVersion = 11.6;
					};
				};
			};
			buildConfigurationList = 797B92CB24F9304300071669 /* Build configuration list for PBXProject "CodeMirrorMacOS" */;
			compatibilityVersion = "Xcode 9.3";
			developmentRegion = en;
			hasScannedForEncodings = 0;
			knownRegions = (
				en,
				Base,
			);
			mainGroup = 797B92C724F9304300071669;
			productRefGroup = 797B92D124F9304300071669 /* Products */;
			projectDirPath = "";
			projectRoot = "";
			targets = (
				797B92CF24F9304300071669 /* CodeMirrorMacOS */,
			);
		};
/* End PBXProject section */

/* Begin PBXResourcesBuildPhase section */
		797B92CE24F9304300071669 /* Resources */ = {
			isa = PBXResourcesBuildPhase;
			buildActionMask = 2147483647;
			files = (
				797B92DE24F9304700071669 /* Main.storyboard in Resources */,
				797B92DB24F9304700071669 /* Preview Assets.xcassets in Resources */,
				797B92D824F9304700071669 /* Assets.xcassets in Resources */,
				79940A2024FD3CCA00DA2760 /* Demo.txt in Resources */,
			);
			runOnlyForDeploymentPostprocessing = 0;
		};
/* End PBXResourcesBuildPhase section */

/* Begin PBXSourcesBuildPhase section */
		797B92CC24F9304300071669 /* Sources */ = {
			isa = PBXSourcesBuildPhase;
			buildActionMask = 2147483647;
			files = (
				797B92D624F9304300071669 /* ContentView.swift in Sources */,
				797B92D424F9304300071669 /* AppDelegate.swift in Sources */,
			);
			runOnlyForDeploymentPostprocessing = 0;
		};
/* End PBXSourcesBuildPhase section */

/* Begin PBXVariantGroup section */
		797B92DC24F9304700071669 /* Main.storyboard */ = {
			isa = PBXVariantGroup;
			children = (
				797B92DD24F9304700071669 /* Base */,
			);
			name = Main.storyboard;
			sourceTree = "<group>";
		};
/* End PBXVariantGroup section */

/* Begin XCBuildConfiguration section */
		797B92E124F9304700071669 /* Debug */ = {
			isa = XCBuildConfiguration;
			buildSettings = {
				ALWAYS_SEARCH_USER_PATHS = NO;
				CLANG_ANALYZER_NONNULL = YES;
				CLANG_ANALYZER_NUMBER_OBJECT_CONVERSION = YES_AGGRESSIVE;
				CLANG_CXX_LANGUAGE_STANDARD = "gnu++14";
				CLANG_CXX_LIBRARY = "libc++";
				CLANG_ENABLE_MODULES = YES;
				CLANG_ENABLE_OBJC_ARC = YES;
				CLANG_ENABLE_OBJC_WEAK = YES;
				CLANG_WARN_BLOCK_CAPTURE_AUTORELEASING = YES;
				CLANG_WARN_BOOL_CONVERSION = YES;
				CLANG_WARN_COMMA = YES;
				CLANG_WARN_CONSTANT_CONVERSION = YES;
				CLANG_WARN_DEPRECATED_OBJC_IMPLEMENTATIONS = YES;
				CLANG_WARN_DIRECT_OBJC_ISA_USAGE = YES_ERROR;
				CLANG_WARN_DOCUMENTATION_COMMENTS = YES;
				CLANG_WARN_EMPTY_BODY = YES;
				CLANG_WARN_ENUM_CONVERSION = YES;
				CLANG_WARN_INFINITE_RECURSION = YES;
				CLANG_WARN_INT_CONVERSION = YES;
				CLANG_WARN_NON_LITERAL_NULL_CONVERSION = YES;
				CLANG_WARN_OBJC_IMPLICIT_RETAIN_SELF = YES;
				CLANG_WARN_OBJC_LITERAL_CONVERSION = YES;
				CLANG_WARN_OBJC_ROOT_CLASS = YES_ERROR;
				CLANG_WARN_RANGE_LOOP_ANALYSIS = YES;
				CLANG_WARN_STRICT_PROTOTYPES = YES;
				CLANG_WARN_SUSPICIOUS_MOVE = YES;
				CLANG_WARN_UNGUARDED_AVAILABILITY = YES_AGGRESSIVE;
				CLANG_WARN_UNREACHABLE_CODE = YES;
				CLANG_WARN__DUPLICATE_METHOD_MATCH = YES;
				COPY_PHASE_STRIP = NO;
				DEBUG_INFORMATION_FORMAT = dwarf;
				ENABLE_STRICT_OBJC_MSGSEND = YES;
				ENABLE_TESTABILITY = YES;
				GCC_C_LANGUAGE_STANDARD = gnu11;
				GCC_DYNAMIC_NO_PIC = NO;
				GCC_NO_COMMON_BLOCKS = YES;
				GCC_OPTIMIZATION_LEVEL = 0;
				GCC_PREPROCESSOR_DEFINITIONS = (
					"DEBUG=1",
					"$(inherited)",
				);
				GCC_WARN_64_TO_32_BIT_CONVERSION = YES;
				GCC_WARN_ABOUT_RETURN_TYPE = YES_ERROR;
				GCC_WARN_UNDECLARED_SELECTOR = YES;
				GCC_WARN_UNINITIALIZED_AUTOS = YES_AGGRESSIVE;
				GCC_WARN_UNUSED_FUNCTION = YES;
				GCC_WARN_UNUSED_VARIABLE = YES;
				MACOSX_DEPLOYMENT_TARGET = 10.15;
				MTL_ENABLE_DEBUG_INFO = INCLUDE_SOURCE;
				MTL_FAST_MATH = YES;
				ONLY_ACTIVE_ARCH = YES;
				SDKROOT = macosx;
				SWIFT_ACTIVE_COMPILATION_CONDITIONS = DEBUG;
				SWIFT_OPTIMIZATION_LEVEL = "-Onone";
			};
			name = Debug;
		};
		797B92E224F9304700071669 /* Release */ = {
			isa = XCBuildConfiguration;
			buildSettings = {
				ALWAYS_SEARCH_USER_PATHS = NO;
				CLANG_ANALYZER_NONNULL = YES;
				CLANG_ANALYZER_NUMBER_OBJECT_CONVERSION = YES_AGGRESSIVE;
				CLANG_CXX_LANGUAGE_STANDARD = "gnu++14";
				CLANG_CXX_LIBRARY = "libc++";
				CLANG_ENABLE_MODULES = YES;
				CLANG_ENABLE_OBJC_ARC = YES;
				CLANG_ENABLE_OBJC_WEAK = YES;
				CLANG_WARN_BLOCK_CAPTURE_AUTORELEASING = YES;
				CLANG_WARN_BOOL_CONVERSION = YES;
				CLANG_WARN_COMMA = YES;
				CLANG_WARN_CONSTANT_CONVERSION = YES;
				CLANG_WARN_DEPRECATED_OBJC_IMPLEMENTATIONS = YES;
				CLANG_WARN_DIRECT_OBJC_ISA_USAGE = YES_ERROR;
				CLANG_WARN_DOCUMENTATION_COMMENTS = YES;
				CLANG_WARN_EMPTY_BODY = YES;
				CLANG_WARN_ENUM_CONVERSION = YES;
				CLANG_WARN_INFINITE_RECURSION = YES;
				CLANG_WARN_INT_CONVERSION = YES;
				CLANG_WARN_NON_LITERAL_NULL_CONVERSION = YES;
				CLANG_WARN_OBJC_IMPLICIT_RETAIN_SELF = YES;
				CLANG_WARN_OBJC_LITERAL_CONVERSION = YES;
				CLANG_WARN_OBJC_ROOT_CLASS = YES_ERROR;
				CLANG_WARN_RANGE_LOOP_ANALYSIS = YES;
				CLANG_WARN_STRICT_PROTOTYPES = YES;
				CLANG_WARN_SUSPICIOUS_MOVE = YES;
				CLANG_WARN_UNGUARDED_AVAILABILITY = YES_AGGRESSIVE;
				CLANG_WARN_UNREACHABLE_CODE = YES;
				CLANG_WARN__DUPLICATE_METHOD_MATCH = YES;
				COPY_PHASE_STRIP = NO;
				DEBUG_INFORMATION_FORMAT = "dwarf-with-dsym";
				ENABLE_NS_ASSERTIONS = NO;
				ENABLE_STRICT_OBJC_MSGSEND = YES;
				GCC_C_LANGUAGE_STANDARD = gnu11;
				GCC_NO_COMMON_BLOCKS = YES;
				GCC_WARN_64_TO_32_BIT_CONVERSION = YES;
				GCC_WARN_ABOUT_RETURN_TYPE = YES_ERROR;
				GCC_WARN_UNDECLARED_SELECTOR = YES;
				GCC_WARN_UNINITIALIZED_AUTOS = YES_AGGRESSIVE;
				GCC_WARN_UNUSED_FUNCTION = YES;
				GCC_WARN_UNUSED_VARIABLE = YES;
				MACOSX_DEPLOYMENT_TARGET = 10.15;
				MTL_ENABLE_DEBUG_INFO = NO;
				MTL_FAST_MATH = YES;
				SDKROOT = macosx;
				SWIFT_COMPILATION_MODE = wholemodule;
				SWIFT_OPTIMIZATION_LEVEL = "-O";
			};
			name = Release;
		};
		797B92E424F9304700071669 /* Debug */ = {
			isa = XCBuildConfiguration;
			buildSettings = {
				ASSETCATALOG_COMPILER_APPICON_NAME = AppIcon;
				CODE_SIGN_ENTITLEMENTS = CodeMirrorMacOS/CodeMirrorMacOS.entitlements;
				CODE_SIGN_STYLE = Automatic;
				COMBINE_HIDPI_IMAGES = YES;
				DEVELOPMENT_ASSET_PATHS = "\"CodeMirrorMacOS/Preview Content\"";
				DEVELOPMENT_TEAM = 7XBGRFP286;
				ENABLE_HARDENED_RUNTIME = YES;
				ENABLE_PREVIEWS = YES;
				INFOPLIST_FILE = CodeMirrorMacOS/Info.plist;
				LD_RUNPATH_SEARCH_PATHS = (
					"$(inherited)",
					"@executable_path/../Frameworks",
				);
				MACOSX_DEPLOYMENT_TARGET = 10.15;
				PRODUCT_BUNDLE_IDENTIFIER = com.marshallino16.CodeMirrorMacOS;
				PRODUCT_NAME = "$(TARGET_NAME)";
				SWIFT_VERSION = 5.0;
			};
			name = Debug;
		};
		797B92E524F9304700071669 /* Release */ = {
			isa = XCBuildConfiguration;
			buildSettings = {
				ASSETCATALOG_COMPILER_APPICON_NAME = AppIcon;
				CODE_SIGN_ENTITLEMENTS = CodeMirrorMacOS/CodeMirrorMacOS.entitlements;
				CODE_SIGN_STYLE = Automatic;
				COMBINE_HIDPI_IMAGES = YES;
				DEVELOPMENT_ASSET_PATHS = "\"CodeMirrorMacOS/Preview Content\"";
				DEVELOPMENT_TEAM = 7XBGRFP286;
				ENABLE_HARDENED_RUNTIME = YES;
				ENABLE_PREVIEWS = YES;
				INFOPLIST_FILE = CodeMirrorMacOS/Info.plist;
				LD_RUNPATH_SEARCH_PATHS = (
					"$(inherited)",
					"@executable_path/../Frameworks",
				);
				MACOSX_DEPLOYMENT_TARGET = 10.15;
				PRODUCT_BUNDLE_IDENTIFIER = com.marshallino16.CodeMirrorMacOS;
				PRODUCT_NAME = "$(TARGET_NAME)";
				SWIFT_VERSION = 5.0;
			};
			name = Release;
		};
/* End XCBuildConfiguration section */

/* Begin XCConfigurationList section */
		797B92CB24F9304300071669 /* Build configuration list for PBXProject "CodeMirrorMacOS" */ = {
			isa = XCConfigurationList;
			buildConfigurations = (
				797B92E124F9304700071669 /* Debug */,
				797B92E224F9304700071669 /* Release */,
			);
			defaultConfigurationIsVisible = 0;
			defaultConfigurationName = Release;
		};
		797B92E324F9304700071669 /* Build configuration list for PBXNativeTarget "CodeMirrorMacOS" */ = {
			isa = XCConfigurationList;
			buildConfigurations = (
				797B92E424F9304700071669 /* Debug */,
				797B92E524F9304700071669 /* Release */,
			);
			defaultConfigurationIsVisible = 0;
			defaultConfigurationName = Release;
		};
/* End XCConfigurationList section */

/* Begin XCSwiftPackageProductDependency section */
		792A3EA424FE86F300A2CC7D /* CodeMirror-SwiftUI */ = {
			isa = XCSwiftPackageProductDependency;
			productName = "CodeMirror-SwiftUI";
		};
/* End XCSwiftPackageProductDependency section */
	};
	rootObject = 797B92C824F9304300071669 /* Project object */;
}
