// !$*UTF8*$!
{
	archiveVersion = 1;
	classes = {
	};
	objectVersion = 52;
	objects = {

/* Begin PBXBuildFile section */
		79445D0124FF928F004B2F99 /* Demo_iOSApp.swift in Sources */ = {isa = PBXBuildFile; fileRef = 79445D0024FF928F004B2F99 /* Demo_iOSApp.swift */; };
		79445D0324FF928F004B2F99 /* ContentView.swift in Sources */ = {isa = PBXBuildFile; fileRef = 79445D0224FF928F004B2F99 /* ContentView.swift */; };
		79445D0524FF9290004B2F99 /* Assets.xcassets in Resources */ = {isa = PBXBuildFile; fileRef = 79445D0424FF9290004B2F99 /* Assets.xcassets */; };
		79445D0824FF9290004B2F99 /* Preview Assets.xcassets in Resources */ = {isa = PBXBuildFile; fileRef = 79445D0724FF9290004B2F99 /* Preview Assets.xcassets */; };
		79445D1224FF92CE004B2F99 /* Demo.txt in Resources */ = {isa = PBXBuildFile; fileRef = 79445D1124FF92CE004B2F99 /* Demo.txt */; };
		79445D1524FF92EF004B2F99 /* CodeMirror-SwiftUI in Frameworks */ = {isa = PBXBuildFile; productRef = 79445D1424FF92EF004B2F99 /* CodeMirror-SwiftUI */; };
		79445D1624FF92EF004B2F99 /* CodeMirror-SwiftUI in Embed Frameworks */ = {isa = PBXBuildFile; productRef = 79445D1424FF92EF004B2F99 /* CodeMirror-SwiftUI */; settings = {ATTRIBUTES = (CodeSignOnCopy, ); }; };
/* End PBXBuildFile section */

/* Begin PBXCopyFilesBuildPhase section */
		79445D1724FF92EF004B2F99 /* Embed Frameworks */ = {
			isa = PBXCopyFilesBuildPhase;
			buildActionMask = 2147483647;
			dstPath = "";
			dstSubfolderSpec = 10;
			files = (
				79445D1624FF92EF004B2F99 /* CodeMirror-SwiftUI in Embed Frameworks */,
			);
			name = "Embed Frameworks";
			runOnlyForDeploymentPostprocessing = 0;
		};
/* End PBXCopyFilesBuildPhase section */

/* Begin PBXFileReference section */
		79445CFD24FF928F004B2F99 /* Demo-iOS.app */ = {isa = PBXFileReference; explicitFileType = wrapper.application; includeInIndex = 0; path = "Demo-iOS.app"; sourceTree = BUILT_PRODUCTS_DIR; };
		79445D0024FF928F004B2F99 /* Demo_iOSApp.swift */ = {isa = PBXFileReference; lastKnownFileType = sourcecode.swift; path = Demo_iOSApp.swift; sourceTree = "<group>"; };
		79445D0224FF928F004B2F99 /* ContentView.swift */ = {isa = PBXFileReference; lastKnownFileType = sourcecode.swift; path = ContentView.swift; sourceTree = "<group>"; };
		79445D0424FF9290004B2F99 /* Assets.xcassets */ = {isa = PBXFileReference; lastKnownFileType = folder.assetcatalog; path = Assets.xcassets; sourceTree = "<group>"; };
		79445D0724FF9290004B2F99 /* Preview Assets.xcassets */ = {isa = PBXFileReference; lastKnownFileType = folder.assetcatalog; path = "Preview Assets.xcassets"; sourceTree = "<group>"; };
		79445D0924FF9290004B2F99 /* Info.plist */ = {isa = PBXFileReference; lastKnownFileType = text.plist.xml; path = Info.plist; sourceTree = "<group>"; };
		79445D1124FF92CE004B2F99 /* Demo.txt */ = {isa = PBXFileReference; lastKnownFileType = text; path = Demo.txt; sourceTree = "<group>"; };
/* End PBXFileReference section */

/* Begin PBXFrameworksBuildPhase section */
		79445CFA24FF928F004B2F99 /* Frameworks */ = {
			isa = PBXFrameworksBuildPhase;
			buildActionMask = 2147483647;
			files = (
				79445D1524FF92EF004B2F99 /* CodeMirror-SwiftUI in Frameworks */,
			);
			runOnlyForDeploymentPostprocessing = 0;
		};
/* End PBXFrameworksBuildPhase section */

/* Begin PBXGroup section */
		79445CF424FF928E004B2F99 = {
			isa = PBXGroup;
			children = (
				79445CFF24FF928F004B2F99 /* Demo-iOS */,
				79445CFE24FF928F004B2F99 /* Products */,
				79445D1324FF92EF004B2F99 /* Frameworks */,
			);
			sourceTree = "<group>";
		};
		79445CFE24FF928F004B2F99 /* Products */ = {
			isa = PBXGroup;
			children = (
				79445CFD24FF928F004B2F99 /* Demo-iOS.app */,
			);
			name = Products;
			sourceTree = "<group>";
		};
		79445CFF24FF928F004B2F99 /* Demo-iOS */ = {
			isa = PBXGroup;
			children = (
				79445D0024FF928F004B2F99 /* Demo_iOSApp.swift */,
				79445D0224FF928F004B2F99 /* ContentView.swift */,
				79445D0424FF9290004B2F99 /* Assets.xcassets */,
				79445D1024FF92B3004B2F99 /* Resources */,
				79445D0924FF9290004B2F99 /* Info.plist */,
				79445D0624FF9290004B2F99 /* Preview Content */,
			);
			path = "Demo-iOS";
			sourceTree = "<group>";
		};
		79445D0624FF9290004B2F99 /* Preview Content */ = {
			isa = PBXGroup;
			children = (
				79445D0724FF9290004B2F99 /* Preview Assets.xcassets */,
			);
			path = "Preview Content";
			sourceTree = "<group>";
		};
		79445D1024FF92B3004B2F99 /* Resources */ = {
			isa = PBXGroup;
			children = (
				79445D1124FF92CE004B2F99 /* Demo.txt */,
			);
			path = Resources;
			sourceTree = "<group>";
		};
		79445D1324FF92EF004B2F99 /* Frameworks */ = {
			isa = PBXGroup;
			children = (
			);
			name = Frameworks;
			sourceTree = "<group>";
		};
/* End PBXGroup section */

/* Begin PBXNativeTarget section */
		79445CFC24FF928F004B2F99 /* Demo-iOS */ = {
			isa = PBXNativeTarget;
			buildConfigurationList = 79445D0C24FF9290004B2F99 /* Build configuration list for PBXNativeTarget "Demo-iOS" */;
			buildPhases = (
				79445CF924FF928F004B2F99 /* Sources */,
				79445CFA24FF928F004B2F99 /* Frameworks */,
				79445CFB24FF928F004B2F99 /* Resources */,
				79445D1724FF92EF004B2F99 /* Embed Frameworks */,
			);
			buildRules = (
			);
			dependencies = (
			);
			name = "Demo-iOS";
			packageProductDependencies = (
				79445D1424FF92EF004B2F99 /* CodeMirror-SwiftUI */,
			);
			productName = "Demo-iOS";
			productReference = 79445CFD24FF928F004B2F99 /* Demo-iOS.app */;
			productType = "com.apple.product-type.application";
		};
/* End PBXNativeTarget section */

/* Begin PBXProject section */
		79445CF524FF928E004B2F99 /* Project object */ = {
			isa = PBXProject;
			attributes = {
				LastSwiftUpdateCheck = 1200;
				LastUpgradeCheck = 1200;
				TargetAttributes = {
					79445CFC24FF928F004B2F99 = {
						CreatedOnToolsVersion = 12.0;
					};
				};
			};
			buildConfigurationList = 79445CF824FF928E004B2F99 /* Build configuration list for PBXProject "Demo-iOS" */;
			compatibilityVersion = "Xcode 9.3";
			developmentRegion = en;
			hasScannedForEncodings = 0;
			knownRegions = (
				en,
				Base,
			);
			mainGroup = 79445CF424FF928E004B2F99;
			productRefGroup = 79445CFE24FF928F004B2F99 /* Products */;
			projectDirPath = "";
			projectRoot = "";
			targets = (
				79445CFC24FF928F004B2F99 /* Demo-iOS */,
			);
		};
/* End PBXProject section */

/* Begin PBXResourcesBuildPhase section */
		79445CFB24FF928F004B2F99 /* Resources */ = {
			isa = PBXResourcesBuildPhase;
			buildActionMask = 2147483647;
			files = (
				79445D0824FF9290004B2F99 /* Preview Assets.xcassets in Resources */,
				79445D0524FF9290004B2F99 /* Assets.xcassets in Resources */,
				79445D1224FF92CE004B2F99 /* Demo.txt in Resources */,
			);
			runOnlyForDeploymentPostprocessing = 0;
		};
/* End PBXResourcesBuildPhase section */

/* Begin PBXSourcesBuildPhase section */
		79445CF924FF928F004B2F99 /* Sources */ = {
			isa = PBXSourcesBuildPhase;
			buildActionMask = 2147483647;
			files = (
				79445D0324FF928F004B2F99 /* ContentView.swift in Sources */,
				79445D0124FF928F004B2F99 /* Demo_iOSApp.swift in Sources */,
			);
			runOnlyForDeploymentPostprocessing = 0;
		};
/* End PBXSourcesBuildPhase section */

/* Begin XCBuildConfiguration section */
		79445D0A24FF9290004B2F99 /* Debug */ = {
			isa = XCBuildConfiguration;
			buildSettings = {
				ALWAYS_SEARCH_USER_PATHS = NO;
				CLANG_ANALYZER_NONNULL = YES;
				CLANG_ANALYZER_NUMBER_OBJECT_CONVERSION = YES_AGGRESSIVE;
				CLANG_CXX_LANGUAGE_STANDARD = "gnu++14";
				CLANG_CXX_LIBRARY = "libc++";
				CLANG_ENABLE_MODULES = YES;
				CLANG_ENABLE_OBJC_ARC = YES;
				CLANG_ENABLE_OBJC_WEAK = YES;
				CLANG_WARN_BLOCK_CAPTURE_AUTORELEASING = YES;
				CLANG_WARN_BOOL_CONVERSION = YES;
				CLANG_WARN_COMMA = YES;
				CLANG_WARN_CONSTANT_CONVERSION = YES;
				CLANG_WARN_DEPRECATED_OBJC_IMPLEMENTATIONS = YES;
				CLANG_WARN_DIRECT_OBJC_ISA_USAGE = YES_ERROR;
				CLANG_WARN_DOCUMENTATION_COMMENTS = YES;
				CLANG_WARN_EMPTY_BODY = YES;
				CLANG_WARN_ENUM_CONVERSION = YES;
				CLANG_WARN_INFINITE_RECURSION = YES;
				CLANG_WARN_INT_CONVERSION = YES;
				CLANG_WARN_NON_LITERAL_NULL_CONVERSION = YES;
				CLANG_WARN_OBJC_IMPLICIT_RETAIN_SELF = YES;
				CLANG_WARN_OBJC_LITERAL_CONVERSION = YES;
				CLANG_WARN_OBJC_ROOT_CLASS = YES_ERROR;
				CLANG_WARN_QUOTED_INCLUDE_IN_FRAMEWORK_HEADER = YES;
				CLANG_WARN_RANGE_LOOP_ANALYSIS = YES;
				CLANG_WARN_STRICT_PROTOTYPES = YES;
				CLANG_WARN_SUSPICIOUS_MOVE = YES;
				CLANG_WARN_UNGUARDED_AVAILABILITY = YES_AGGRESSIVE;
				CLANG_WARN_UNREACHABLE_CODE = YES;
				CLANG_WARN__DUPLICATE_METHOD_MATCH = YES;
				COPY_PHASE_STRIP = NO;
				DEBUG_INFORMATION_FORMAT = dwarf;
				ENABLE_STRICT_OBJC_MSGSEND = YES;
				ENABLE_TESTABILITY = YES;
				GCC_C_LANGUAGE_STANDARD = gnu11;
				GCC_DYNAMIC_NO_PIC = NO;
				GCC_NO_COMMON_BLOCKS = YES;
				GCC_OPTIMIZATION_LEVEL = 0;
				GCC_PREPROCESSOR_DEFINITIONS = (
					"DEBUG=1",
					"$(inherited)",
				);
				GCC_WARN_64_TO_32_BIT_CONVERSION = YES;
				GCC_WARN_ABOUT_RETURN_TYPE = YES_ERROR;
				GCC_WARN_UNDECLARED_SELECTOR = YES;
				GCC_WARN_UNINITIALIZED_AUTOS = YES_AGGRESSIVE;
				GCC_WARN_UNUSED_FUNCTION = YES;
				GCC_WARN_UNUSED_VARIABLE = YES;
				IPHONEOS_DEPLOYMENT_TARGET = 14.0;
				MTL_ENABLE_DEBUG_INFO = INCLUDE_SOURCE;
				MTL_FAST_MATH = YES;
				ONLY_ACTIVE_ARCH = YES;
				SDKROOT = iphoneos;
				SWIFT_ACTIVE_COMPILATION_CONDITIONS = DEBUG;
				SWIFT_OPTIMIZATION_LEVEL = "-Onone";
			};
			name = Debug;
		};
		79445D0B24FF9290004B2F99 /* Release */ = {
			isa = XCBuildConfiguration;
			buildSettings = {
				ALWAYS_SEARCH_USER_PATHS = NO;
				CLANG_ANALYZER_NONNULL = YES;
				CLANG_ANALYZER_NUMBER_OBJECT_CONVERSION = YES_AGGRESSIVE;
				CLANG_CXX_LANGUAGE_STANDARD = "gnu++14";
				CLANG_CXX_LIBRARY = "libc++";
				CLANG_ENABLE_MODULES = YES;
				CLANG_ENABLE_OBJC_ARC = YES;
				CLANG_ENABLE_OBJC_WEAK = YES;
				CLANG_WARN_BLOCK_CAPTURE_AUTORELEASING = YES;
				CLANG_WARN_BOOL_CONVERSION = YES;
				CLANG_WARN_COMMA = YES;
				CLANG_WARN_CONSTANT_CONVERSION = YES;
				CLANG_WARN_DEPRECATED_OBJC_IMPLEMENTATIONS = YES;
				CLANG_WARN_DIRECT_OBJC_ISA_USAGE = YES_ERROR;
				CLANG_WARN_DOCUMENTATION_COMMENTS = YES;
				CLANG_WARN_EMPTY_BODY = YES;
				CLANG_WARN_ENUM_CONVERSION = YES;
				CLANG_WARN_INFINITE_RECURSION = YES;
				CLANG_WARN_INT_CONVERSION = YES;
				CLANG_WARN_NON_LITERAL_NULL_CONVERSION = YES;
				CLANG_WARN_OBJC_IMPLICIT_RETAIN_SELF = YES;
				CLANG_WARN_OBJC_LITERAL_CONVERSION = YES;
				CLANG_WARN_OBJC_ROOT_CLASS = YES_ERROR;
				CLANG_WARN_QUOTED_INCLUDE_IN_FRAMEWORK_HEADER = YES;
				CLANG_WARN_RANGE_LOOP_ANALYSIS = YES;
				CLANG_WARN_STRICT_PROTOTYPES = YES;
				CLANG_WARN_SUSPICIOUS_MOVE = YES;
				CLANG_WARN_UNGUARDED_AVAILABILITY = YES_AGGRESSIVE;
				CLANG_WARN_UNREACHABLE_CODE = YES;
				CLANG_WARN__DUPLICATE_METHOD_MATCH = YES;
				COPY_PHASE_STRIP = NO;
				DEBUG_INFORMATION_FORMAT = "dwarf-with-dsym";
				ENABLE_NS_ASSERTIONS = NO;
				ENABLE_STRICT_OBJC_MSGSEND = YES;
				GCC_C_LANGUAGE_STANDARD = gnu11;
				GCC_NO_COMMON_BLOCKS = YES;
				GCC_WARN_64_TO_32_BIT_CONVERSION = YES;
				GCC_WARN_ABOUT_RETURN_TYPE = YES_ERROR;
				GCC_WARN_UNDECLARED_SELECTOR = YES;
				GCC_WARN_UNINITIALIZED_AUTOS = YES_AGGRESSIVE;
				GCC_WARN_UNUSED_FUNCTION = YES;
				GCC_WARN_UNUSED_VARIABLE = YES;
				IPHONEOS_DEPLOYMENT_TARGET = 14.0;
				MTL_ENABLE_DEBUG_INFO = NO;
				MTL_FAST_MATH = YES;
				SDKROOT = iphoneos;
				SWIFT_COMPILATION_MODE = wholemodule;
				SWIFT_OPTIMIZATION_LEVEL = "-O";
				VALIDATE_PRODUCT = YES;
			};
			name = Release;
		};
		79445D0D24FF9290004B2F99 /* Debug */ = {
			isa = XCBuildConfiguration;
			buildSettings = {
				ASSETCATALOG_COMPILER_APPICON_NAME = AppIcon;
				ASSETCATALOG_COMPILER_GLOBAL_ACCENT_COLOR_NAME = AccentColor;
				CODE_SIGN_STYLE = Automatic;
				DEVELOPMENT_ASSET_PATHS = "\"Demo-iOS/Preview Content\"";
				DEVELOPMENT_TEAM = 7XBGRFP286;
				ENABLE_PREVIEWS = YES;
				INFOPLIST_FILE = "Demo-iOS/Info.plist";
				IPHONEOS_DEPLOYMENT_TARGET = 14.0;
				LD_RUNPATH_SEARCH_PATHS = (
					"$(inherited)",
					"@executable_path/Frameworks",
				);
				PRODUCT_BUNDLE_IDENTIFIER = "com.pictarine.Demo-iOS";
				PRODUCT_NAME = "$(TARGET_NAME)";
				SWIFT_VERSION = 5.0;
				TARGETED_DEVICE_FAMILY = "1,2";
			};
			name = Debug;
		};
		79445D0E24FF9290004B2F99 /* Release */ = {
			isa = XCBuildConfiguration;
			buildSettings = {
				ASSETCATALOG_COMPILER_APPICON_NAME = AppIcon;
				ASSETCATALOG_COMPILER_GLOBAL_ACCENT_COLOR_NAME = AccentColor;
				CODE_SIGN_STYLE = Automatic;
				DEVELOPMENT_ASSET_PATHS = "\"Demo-iOS/Preview Content\"";
				DEVELOPMENT_TEAM = 7XBGRFP286;
				ENABLE_PREVIEWS = YES;
				INFOPLIST_FILE = "Demo-iOS/Info.plist";
				IPHONEOS_DEPLOYMENT_TARGET = 14.0;
				LD_RUNPATH_SEARCH_PATHS = (
					"$(inherited)",
					"@executable_path/Frameworks",
				);
				PRODUCT_BUNDLE_IDENTIFIER = "com.pictarine.Demo-iOS";
				PRODUCT_NAME = "$(TARGET_NAME)";
				SWIFT_VERSION = 5.0;
				TARGETED_DEVICE_FAMILY = "1,2";
			};
			name = Release;
		};
/* End XCBuildConfiguration section */

/* Begin XCConfigurationList section */
		79445CF824FF928E004B2F99 /* Build configuration list for PBXProject "Demo-iOS" */ = {
			isa = XCConfigurationList;
			buildConfigurations = (
				79445D0A24FF9290004B2F99 /* Debug */,
				79445D0B24FF9290004B2F99 /* Release */,
			);
			defaultConfigurationIsVisible = 0;
			defaultConfigurationName = Release;
		};
		79445D0C24FF9290004B2F99 /* Build configuration list for PBXNativeTarget "Demo-iOS" */ = {
			isa = XCConfigurationList;
			buildConfigurations = (
				79445D0D24FF9290004B2F99 /* Debug */,
				79445D0E24FF9290004B2F99 /* Release */,
			);
			defaultConfigurationIsVisible = 0;
			defaultConfigurationName = Release;
		};
/* End XCConfigurationList section */

/* Begin XCSwiftPackageProductDependency section */
		79445D1424FF92EF004B2F99 /* CodeMirror-SwiftUI */ = {
			isa = XCSwiftPackageProductDependency;
			productName = "CodeMirror-SwiftUI";
		};
/* End XCSwiftPackageProductDependency section */
	};
	rootObject = 79445CF524FF928E004B2F99 /* Project object */;
}
